
Microsoft Visual Studio Solution File, Format Version 12.00
# Visual Studio Version 17
VisualStudioVersion = 17.6.33723.286
MinimumVisualStudioVersion = 10.0.40219.1
Project("{F184B08F-C81C-45F6-A57F-5ABD9991F28F}") = "BakApp", "AntBru\BakApp.vbproj", "{E6765375-303D-4802-9846-0471171555FB}"
EndProject
Project("{F184B08F-C81C-45F6-A57F-5ABD9991F28F}") = "BkSpecialPrograms", "Librerias\BkSpecialPrograms\BkSpecialPrograms.vbproj", "{B1123A46-6005-434A-9458-B58E8D51EE34}"
EndProject
Project("{F184B08F-C81C-45F6-A57F-5ABD9991F28F}") = "Bk_Produccion", "Librerias\Bk_Produccion\Bk_Produccion.vbproj", "{B9F81BEA-C82E-4CDA-9D7C-CF0CF634A37B}"
EndProject
Project("{F184B08F-C81C-45F6-A57F-5ABD9991F28F}") = "BkReclamos", "Librerias\BkReclamos\BkReclamos\BkReclamos.vbproj", "{4F13DDA5-6770-4E16-B1FE-B7E134C98BD6}"
EndProject
Project("{2150E333-8FDC-42A3-9474-1A3956D46DE8}") = "Hefesto", "Hefesto", "{847B7F21-9931-4F11-925C-7446AB89918A}"
EndProject
Project("{FAE04EC0-301F-11D3-BF4B-00C04F79EFBC}") = "HEFESTO.FIRMA.DOC.FORM", "RunDteBK\Factura Electronica DTE Efesto\HEFESTO.FIRMA.DOC.FORM\HEFESTO.FIRMA.DOC.FORM\HEFESTO.FIRMA.DOC.FORM.csproj", "{E30EAD6E-DB52-4D07-A5D3-37AF75B1EC42}"
EndProject
Project("{FAE04EC0-301F-11D3-BF4B-00C04F79EFBC}") = "HEFESTO.FIRMA.DOCUMENTO", "RunDteBK\Factura Electronica DTE Efesto\HEFESTO.FIRMA.DOC.FORM\HEFESTO.FIRMA.DOCUMENTO\HEFESTO.FIRMA.DOCUMENTO.csproj", "{F9910CDC-2FAA-4E71-8F62-CBD1A7EBAC89}"
EndProject
Project("{2150E333-8FDC-42A3-9474-1A3956D46DE8}") = "Archivo Electronico Cesion AEC", "Archivo Electronico Cesion AEC", "{9BC5B8D2-7469-49F3-845A-6D5DC8A1A97B}"
EndProject
Project("{FAE04EC0-301F-11D3-BF4B-00C04F79EFBC}") = "HefestoCesionV12", "RunDteBK\Factura Electronica DTE Efesto\HefestoCesionV12\HefestoCesionV12.csproj", "{3F91F195-975A-4F79-854B-7026CADB8A67}"
EndProject
Project("{2150E333-8FDC-42A3-9474-1A3956D46DE8}") = "Registros Compra Venta", "Registros Compra Venta", "{8E7F4AE9-8971-4D51-B894-6B039F6B9E4C}"
EndProject
Project("{FAE04EC0-301F-11D3-BF4B-00C04F79EFBC}") = "HEFSIIREGCOMPRAVENTAS.LIB", "RunDteBK\Factura Electronica DTE Efesto\HEFSIIREGCOMPRAVENTAS\HEFESTO.SII.V2020.BG.QUERY.LIB\HEFSIIREGCOMPRAVENTAS.LIB.csproj", "{965EB04B-532A-4D19-B2C2-A3F5495CDE87}"
EndProject
Project("{2150E333-8FDC-42A3-9474-1A3956D46DE8}") = "Envio DTE", "Envio DTE", "{38199067-0C27-46F9-A5FB-579A697B15A0}"
EndProject
Project("{FAE04EC0-301F-11D3-BF4B-00C04F79EFBC}") = "HEFESTO.CONSULTA.TRACKID", "RunDteBK\Factura Electronica DTE Efesto\HEFESTO.CONSULTA.TRACKID\HEFESTO.CONSULTA.TRACKID.csproj", "{7EAA3266-F348-45C7-ADCB-B4B9EFA1E19E}"
EndProject
Project("{FAE04EC0-301F-11D3-BF4B-00C04F79EFBC}") = "HEFESTO.DTE.AUTENTICACION", "RunDteBK\Factura Electronica DTE Efesto\HEFESTO.DTE.ENVIO.SETDTE\HEFESTO.DTE.AUTENTICACION\HEFESTO.DTE.AUTENTICACION.csproj", "{D6EDAE47-AE7F-4A42-BC8C-5EE83D5A1E1E}"
EndProject
Project("{FAE04EC0-301F-11D3-BF4B-00C04F79EFBC}") = "HEFESTO.DTE.AUTENTICACION.ENT", "RunDteBK\Factura Electronica DTE Efesto\HEFESTO.DTE.ENVIO.SETDTE\HEFESTO.DTE.AUTENTICACION.ENT\HEFESTO.DTE.AUTENTICACION.ENT.csproj", "{6D1E9C54-BA9F-4E37-BBD8-592CFB5BA8C6}"
EndProject
Project("{FAE04EC0-301F-11D3-BF4B-00C04F79EFBC}") = "HEFESTO.ENVIO.SETDTE.CLIENTE", "RunDteBK\Factura Electronica DTE Efesto\HEFESTO.DTE.ENVIO.SETDTE\HEFESTO.ENVIO.SETDTE.CLIENTE\HEFESTO.ENVIO.SETDTE.CLIENTE.csproj", "{0E857171-0FA8-4D20-959D-E2B9555015AA}"
EndProject
Project("{FAE04EC0-301F-11D3-BF4B-00C04F79EFBC}") = "HEFESTO.ENVIO.SETDTE.FORM", "RunDteBK\Factura Electronica DTE Efesto\HEFESTO.DTE.ENVIO.SETDTE\HEFESTO.ENVIO.SETDTE.FORM\HEFESTO.ENVIO.SETDTE.FORM.csproj", "{E3E05EC7-7D5E-4D0D-807B-166250C5EEBB}"
EndProject
Project("{2150E333-8FDC-42A3-9474-1A3956D46DE8}") = "Boletas", "Boletas", "{0308FA1B-BE9F-4ACA-BDAC-A720154AC878}"
EndProject
Project("{FAE04EC0-301F-11D3-BF4B-00C04F79EFBC}") = "HEFSIILIBDTES", "RunDteBK\Factura Electronica DTE Efesto\HEFSIILIBDTES BOLETAS ELECTRÓNICAS 2022\HEFSIILIBDTES\HEFSIILIBDTES.csproj", "{AD94E747-4598-499C-8EA3-F6013ACFFCD5}"
EndProject
Project("{2150E333-8FDC-42A3-9474-1A3956D46DE8}") = "Acuse Recibo", "Acuse Recibo", "{F42B008A-3C1F-4432-8D5D-F1D662B44B1C}"
EndProject
Project("{FAE04EC0-301F-11D3-BF4B-00C04F79EFBC}") = "Hefesto.Acuse.Recibo.Factura", "RunDteBK\Factura Electronica DTE Efesto\HEFESTO.ACUSE.RECIBO.FACTURA\Hefesto.Acuse.Recibo.Factura.csproj", "{9529083E-DF30-4122-A4FC-4FFB214F15B5}"
EndProject
Global
	GlobalSection(SolutionConfigurationPlatforms) = preSolution
		Debug|Any CPU = Debug|Any CPU
		Debug|x86 = Debug|x86
		Release|Any CPU = Release|Any CPU
		Release|x86 = Release|x86
	EndGlobalSection
	GlobalSection(ProjectConfigurationPlatforms) = postSolution
		{E6765375-303D-4802-9846-0471171555FB}.Debug|Any CPU.ActiveCfg = Debug|Any CPU
		{E6765375-303D-4802-9846-0471171555FB}.Debug|Any CPU.Build.0 = Debug|Any CPU
		{E6765375-303D-4802-9846-0471171555FB}.Debug|x86.ActiveCfg = Debug|Any CPU
		{E6765375-303D-4802-9846-0471171555FB}.Debug|x86.Build.0 = Debug|Any CPU
		{E6765375-303D-4802-9846-0471171555FB}.Release|Any CPU.ActiveCfg = Release|Any CPU
		{E6765375-303D-4802-9846-0471171555FB}.Release|Any CPU.Build.0 = Release|Any CPU
		{E6765375-303D-4802-9846-0471171555FB}.Release|x86.ActiveCfg = Release|Any CPU
		{E6765375-303D-4802-9846-0471171555FB}.Release|x86.Build.0 = Release|Any CPU
		{B1123A46-6005-434A-9458-B58E8D51EE34}.Debug|Any CPU.ActiveCfg = Debug|Any CPU
		{B1123A46-6005-434A-9458-B58E8D51EE34}.Debug|Any CPU.Build.0 = Debug|Any CPU
		{B1123A46-6005-434A-9458-B58E8D51EE34}.Debug|x86.ActiveCfg = Debug|Any CPU
		{B1123A46-6005-434A-9458-B58E8D51EE34}.Debug|x86.Build.0 = Debug|Any CPU
		{B1123A46-6005-434A-9458-B58E8D51EE34}.Release|Any CPU.ActiveCfg = Release|Any CPU
		{B1123A46-6005-434A-9458-B58E8D51EE34}.Release|Any CPU.Build.0 = Release|Any CPU
		{B1123A46-6005-434A-9458-B58E8D51EE34}.Release|x86.ActiveCfg = Release|Any CPU
		{B1123A46-6005-434A-9458-B58E8D51EE34}.Release|x86.Build.0 = Release|Any CPU
		{B9F81BEA-C82E-4CDA-9D7C-CF0CF634A37B}.Debug|Any CPU.ActiveCfg = Debug|Any CPU
		{B9F81BEA-C82E-4CDA-9D7C-CF0CF634A37B}.Debug|Any CPU.Build.0 = Debug|Any CPU
		{B9F81BEA-C82E-4CDA-9D7C-CF0CF634A37B}.Debug|x86.ActiveCfg = Debug|Any CPU
		{B9F81BEA-C82E-4CDA-9D7C-CF0CF634A37B}.Debug|x86.Build.0 = Debug|Any CPU
		{B9F81BEA-C82E-4CDA-9D7C-CF0CF634A37B}.Release|Any CPU.ActiveCfg = Release|Any CPU
		{B9F81BEA-C82E-4CDA-9D7C-CF0CF634A37B}.Release|Any CPU.Build.0 = Release|Any CPU
		{B9F81BEA-C82E-4CDA-9D7C-CF0CF634A37B}.Release|x86.ActiveCfg = Release|Any CPU
		{B9F81BEA-C82E-4CDA-9D7C-CF0CF634A37B}.Release|x86.Build.0 = Release|Any CPU
		{4F13DDA5-6770-4E16-B1FE-B7E134C98BD6}.Debug|Any CPU.ActiveCfg = Debug|Any CPU
		{4F13DDA5-6770-4E16-B1FE-B7E134C98BD6}.Debug|Any CPU.Build.0 = Debug|Any CPU
		{4F13DDA5-6770-4E16-B1FE-B7E134C98BD6}.Debug|x86.ActiveCfg = Debug|Any CPU
		{4F13DDA5-6770-4E16-B1FE-B7E134C98BD6}.Debug|x86.Build.0 = Debug|Any CPU
		{4F13DDA5-6770-4E16-B1FE-B7E134C98BD6}.Release|Any CPU.ActiveCfg = Release|Any CPU
		{4F13DDA5-6770-4E16-B1FE-B7E134C98BD6}.Release|Any CPU.Build.0 = Release|Any CPU
		{4F13DDA5-6770-4E16-B1FE-B7E134C98BD6}.Release|x86.ActiveCfg = Release|Any CPU
		{4F13DDA5-6770-4E16-B1FE-B7E134C98BD6}.Release|x86.Build.0 = Release|Any CPU
		{E30EAD6E-DB52-4D07-A5D3-37AF75B1EC42}.Debug|Any CPU.ActiveCfg = Debug|x86
		{E30EAD6E-DB52-4D07-A5D3-37AF75B1EC42}.Debug|x86.ActiveCfg = Debug|x86
		{E30EAD6E-DB52-4D07-A5D3-37AF75B1EC42}.Debug|x86.Build.0 = Debug|x86
		{E30EAD6E-DB52-4D07-A5D3-37AF75B1EC42}.Release|Any CPU.ActiveCfg = Release|x86
		{E30EAD6E-DB52-4D07-A5D3-37AF75B1EC42}.Release|x86.ActiveCfg = Release|x86
		{E30EAD6E-DB52-4D07-A5D3-37AF75B1EC42}.Release|x86.Build.0 = Release|x86
		{F9910CDC-2FAA-4E71-8F62-CBD1A7EBAC89}.Debug|Any CPU.ActiveCfg = Debug|Any CPU
		{F9910CDC-2FAA-4E71-8F62-CBD1A7EBAC89}.Debug|Any CPU.Build.0 = Debug|Any CPU
		{F9910CDC-2FAA-4E71-8F62-CBD1A7EBAC89}.Debug|x86.ActiveCfg = Debug|Any CPU
		{F9910CDC-2FAA-4E71-8F62-CBD1A7EBAC89}.Debug|x86.Build.0 = Debug|Any CPU
		{F9910CDC-2FAA-4E71-8F62-CBD1A7EBAC89}.Release|Any CPU.ActiveCfg = Release|Any CPU
		{F9910CDC-2FAA-4E71-8F62-CBD1A7EBAC89}.Release|Any CPU.Build.0 = Release|Any CPU
		{F9910CDC-2FAA-4E71-8F62-CBD1A7EBAC89}.Release|x86.ActiveCfg = Release|Any CPU
		{F9910CDC-2FAA-4E71-8F62-CBD1A7EBAC89}.Release|x86.Build.0 = Release|Any CPU
		{3F91F195-975A-4F79-854B-7026CADB8A67}.Debug|Any CPU.ActiveCfg = Debug|Any CPU
		{3F91F195-975A-4F79-854B-7026CADB8A67}.Debug|Any CPU.Build.0 = Debug|Any CPU
		{3F91F195-975A-4F79-854B-7026CADB8A67}.Debug|x86.ActiveCfg = Debug|Any CPU
		{3F91F195-975A-4F79-854B-7026CADB8A67}.Debug|x86.Build.0 = Debug|Any CPU
		{3F91F195-975A-4F79-854B-7026CADB8A67}.Release|Any CPU.ActiveCfg = Release|Any CPU
		{3F91F195-975A-4F79-854B-7026CADB8A67}.Release|Any CPU.Build.0 = Release|Any CPU
		{3F91F195-975A-4F79-854B-7026CADB8A67}.Release|x86.ActiveCfg = Release|Any CPU
		{3F91F195-975A-4F79-854B-7026CADB8A67}.Release|x86.Build.0 = Release|Any CPU
		{965EB04B-532A-4D19-B2C2-A3F5495CDE87}.Debug|Any CPU.ActiveCfg = Debug|Any CPU
		{965EB04B-532A-4D19-B2C2-A3F5495CDE87}.Debug|Any CPU.Build.0 = Debug|Any CPU
		{965EB04B-532A-4D19-B2C2-A3F5495CDE87}.Debug|x86.ActiveCfg = Debug|Any CPU
		{965EB04B-532A-4D19-B2C2-A3F5495CDE87}.Debug|x86.Build.0 = Debug|Any CPU
		{965EB04B-532A-4D19-B2C2-A3F5495CDE87}.Release|Any CPU.ActiveCfg = Release|Any CPU
		{965EB04B-532A-4D19-B2C2-A3F5495CDE87}.Release|Any CPU.Build.0 = Release|Any CPU
		{965EB04B-532A-4D19-B2C2-A3F5495CDE87}.Release|x86.ActiveCfg = Release|Any CPU
		{965EB04B-532A-4D19-B2C2-A3F5495CDE87}.Release|x86.Build.0 = Release|Any CPU
		{7EAA3266-F348-45C7-ADCB-B4B9EFA1E19E}.Debug|Any CPU.ActiveCfg = Debug|x86
		{7EAA3266-F348-45C7-ADCB-B4B9EFA1E19E}.Debug|x86.ActiveCfg = Debug|x86
		{7EAA3266-F348-45C7-ADCB-B4B9EFA1E19E}.Debug|x86.Build.0 = Debug|x86
		{7EAA3266-F348-45C7-ADCB-B4B9EFA1E19E}.Release|Any CPU.ActiveCfg = Release|x86
		{7EAA3266-F348-45C7-ADCB-B4B9EFA1E19E}.Release|x86.ActiveCfg = Release|x86
		{7EAA3266-F348-45C7-ADCB-B4B9EFA1E19E}.Release|x86.Build.0 = Release|x86
		{D6EDAE47-AE7F-4A42-BC8C-5EE83D5A1E1E}.Debug|Any CPU.ActiveCfg = Debug|Any CPU
		{D6EDAE47-AE7F-4A42-BC8C-5EE83D5A1E1E}.Debug|Any CPU.Build.0 = Debug|Any CPU
		{D6EDAE47-AE7F-4A42-BC8C-5EE83D5A1E1E}.Debug|x86.ActiveCfg = Debug|Any CPU
		{D6EDAE47-AE7F-4A42-BC8C-5EE83D5A1E1E}.Debug|x86.Build.0 = Debug|Any CPU
		{D6EDAE47-AE7F-4A42-BC8C-5EE83D5A1E1E}.Release|Any CPU.ActiveCfg = Release|Any CPU
		{D6EDAE47-AE7F-4A42-BC8C-5EE83D5A1E1E}.Release|Any CPU.Build.0 = Release|Any CPU
		{D6EDAE47-AE7F-4A42-BC8C-5EE83D5A1E1E}.Release|x86.ActiveCfg = Release|Any CPU
		{D6EDAE47-AE7F-4A42-BC8C-5EE83D5A1E1E}.Release|x86.Build.0 = Release|Any CPU
		{6D1E9C54-BA9F-4E37-BBD8-592CFB5BA8C6}.Debug|Any CPU.ActiveCfg = Debug|Any CPU
		{6D1E9C54-BA9F-4E37-BBD8-592CFB5BA8C6}.Debug|Any CPU.Build.0 = Debug|Any CPU
		{6D1E9C54-BA9F-4E37-BBD8-592CFB5BA8C6}.Debug|x86.ActiveCfg = Debug|Any CPU
		{6D1E9C54-BA9F-4E37-BBD8-592CFB5BA8C6}.Debug|x86.Build.0 = Debug|Any CPU
		{6D1E9C54-BA9F-4E37-BBD8-592CFB5BA8C6}.Release|Any CPU.ActiveCfg = Release|Any CPU
		{6D1E9C54-BA9F-4E37-BBD8-592CFB5BA8C6}.Release|Any CPU.Build.0 = Release|Any CPU
		{6D1E9C54-BA9F-4E37-BBD8-592CFB5BA8C6}.Release|x86.ActiveCfg = Release|Any CPU
		{6D1E9C54-BA9F-4E37-BBD8-592CFB5BA8C6}.Release|x86.Build.0 = Release|Any CPU
		{0E857171-0FA8-4D20-959D-E2B9555015AA}.Debug|Any CPU.ActiveCfg = Debug|x86
		{0E857171-0FA8-4D20-959D-E2B9555015AA}.Debug|x86.ActiveCfg = Debug|x86
		{0E857171-0FA8-4D20-959D-E2B9555015AA}.Debug|x86.Build.0 = Debug|x86
		{0E857171-0FA8-4D20-959D-E2B9555015AA}.Release|Any CPU.ActiveCfg = Release|x86
		{0E857171-0FA8-4D20-959D-E2B9555015AA}.Release|x86.ActiveCfg = Release|x86
		{0E857171-0FA8-4D20-959D-E2B9555015AA}.Release|x86.Build.0 = Release|x86
		{E3E05EC7-7D5E-4D0D-807B-166250C5EEBB}.Debug|Any CPU.ActiveCfg = Debug|x86
		{E3E05EC7-7D5E-4D0D-807B-166250C5EEBB}.Debug|x86.ActiveCfg = Debug|x86
		{E3E05EC7-7D5E-4D0D-807B-166250C5EEBB}.Debug|x86.Build.0 = Debug|x86
		{E3E05EC7-7D5E-4D0D-807B-166250C5EEBB}.Release|Any CPU.ActiveCfg = Release|x86
		{E3E05EC7-7D5E-4D0D-807B-166250C5EEBB}.Release|x86.ActiveCfg = Release|x86
		{E3E05EC7-7D5E-4D0D-807B-166250C5EEBB}.Release|x86.Build.0 = Release|x86
		{AD94E747-4598-499C-8EA3-F6013ACFFCD5}.Debug|Any CPU.ActiveCfg = Debug|Any CPU
		{AD94E747-4598-499C-8EA3-F6013ACFFCD5}.Debug|Any CPU.Build.0 = Debug|Any CPU
		{AD94E747-4598-499C-8EA3-F6013ACFFCD5}.Debug|x86.ActiveCfg = Debug|Any CPU
		{AD94E747-4598-499C-8EA3-F6013ACFFCD5}.Debug|x86.Build.0 = Debug|Any CPU
		{AD94E747-4598-499C-8EA3-F6013ACFFCD5}.Release|Any CPU.ActiveCfg = Release|Any CPU
		{AD94E747-4598-499C-8EA3-F6013ACFFCD5}.Release|Any CPU.Build.0 = Release|Any CPU
		{AD94E747-4598-499C-8EA3-F6013ACFFCD5}.Release|x86.ActiveCfg = Release|Any CPU
		{AD94E747-4598-499C-8EA3-F6013ACFFCD5}.Release|x86.Build.0 = Release|Any CPU
		{9529083E-DF30-4122-A4FC-4FFB214F15B5}.Debug|Any CPU.ActiveCfg = Debug|Any CPU
		{9529083E-DF30-4122-A4FC-4FFB214F15B5}.Debug|Any CPU.Build.0 = Debug|Any CPU
		{9529083E-DF30-4122-A4FC-4FFB214F15B5}.Debug|x86.ActiveCfg = Debug|Any CPU
		{9529083E-DF30-4122-A4FC-4FFB214F15B5}.Debug|x86.Build.0 = Debug|Any CPU
		{9529083E-DF30-4122-A4FC-4FFB214F15B5}.Release|Any CPU.ActiveCfg = Release|Any CPU
		{9529083E-DF30-4122-A4FC-4FFB214F15B5}.Release|Any CPU.Build.0 = Release|Any CPU
		{9529083E-DF30-4122-A4FC-4FFB214F15B5}.Release|x86.ActiveCfg = Release|Any CPU
		{9529083E-DF30-4122-A4FC-4FFB214F15B5}.Release|x86.Build.0 = Release|Any CPU
	EndGlobalSection
	GlobalSection(SolutionProperties) = preSolution
		HideSolutionNode = FALSE
	EndGlobalSection
	GlobalSection(NestedProjects) = preSolution
		{E30EAD6E-DB52-4D07-A5D3-37AF75B1EC42} = {847B7F21-9931-4F11-925C-7446AB89918A}
		{F9910CDC-2FAA-4E71-8F62-CBD1A7EBAC89} = {847B7F21-9931-4F11-925C-7446AB89918A}
		{9BC5B8D2-7469-49F3-845A-6D5DC8A1A97B} = {847B7F21-9931-4F11-925C-7446AB89918A}
		{3F91F195-975A-4F79-854B-7026CADB8A67} = {9BC5B8D2-7469-49F3-845A-6D5DC8A1A97B}
		{8E7F4AE9-8971-4D51-B894-6B039F6B9E4C} = {847B7F21-9931-4F11-925C-7446AB89918A}
		{965EB04B-532A-4D19-B2C2-A3F5495CDE87} = {8E7F4AE9-8971-4D51-B894-6B039F6B9E4C}
		{38199067-0C27-46F9-A5FB-579A697B15A0} = {847B7F21-9931-4F11-925C-7446AB89918A}
		{7EAA3266-F348-45C7-ADCB-B4B9EFA1E19E} = {38199067-0C27-46F9-A5FB-579A697B15A0}
		{D6EDAE47-AE7F-4A42-BC8C-5EE83D5A1E1E} = {38199067-0C27-46F9-A5FB-579A697B15A0}
		{6D1E9C54-BA9F-4E37-BBD8-592CFB5BA8C6} = {38199067-0C27-46F9-A5FB-579A697B15A0}
		{0E857171-0FA8-4D20-959D-E2B9555015AA} = {38199067-0C27-46F9-A5FB-579A697B15A0}
		{E3E05EC7-7D5E-4D0D-807B-166250C5EEBB} = {38199067-0C27-46F9-A5FB-579A697B15A0}
		{0308FA1B-BE9F-4ACA-BDAC-A720154AC878} = {847B7F21-9931-4F11-925C-7446AB89918A}
		{AD94E747-4598-499C-8EA3-F6013ACFFCD5} = {0308FA1B-BE9F-4ACA-BDAC-A720154AC878}
		{F42B008A-3C1F-4432-8D5D-F1D662B44B1C} = {847B7F21-9931-4F11-925C-7446AB89918A}
		{9529083E-DF30-4122-A4FC-4FFB214F15B5} = {F42B008A-3C1F-4432-8D5D-F1D662B44B1C}
	EndGlobalSection
	GlobalSection(ExtensibilityGlobals) = postSolution
		SolutionGuid = {738B0598-2D06-41C4-939E-1A0532879249}
	EndGlobalSection
EndGlobal
