
Microsoft Visual Studio Solution File, Format Version 12.00
# Visual Studio Version 17
VisualStudioVersion = 17.4.33213.308
MinimumVisualStudioVersion = 10.0.40219.1
Project("{F184B08F-C81C-45F6-A57F-5ABD9991F28F}") = "BkNotificaciones", "BkNotificaciones.vbproj", "{9F2AFE5C-7B94-4821-9F52-15D4F6B40A4A}"
EndProject
Project("{F184B08F-C81C-45F6-A57F-5ABD9991F28F}") = "BkSpecialPrograms", "..\Librerias\BkSpecialPrograms\BkSpecialPrograms.vbproj", "{B1123A46-6005-434A-9458-B58E8D51EE34}"
EndProject
Global
	GlobalSection(SolutionConfigurationPlatforms) = preSolution
		Debug|Any CPU = Debug|Any CPU
		Release|Any CPU = Release|Any CPU
	EndGlobalSection
	GlobalSection(ProjectConfigurationPlatforms) = postSolution
		{9F2AFE5C-7B94-4821-9F52-15D4F6B40A4A}.Debug|Any CPU.ActiveCfg = Debug|Any CPU
		{9F2AFE5C-7B94-4821-9F52-15D4F6B40A4A}.Debug|Any CPU.Build.0 = Debug|Any CPU
		{9F2AFE5C-7B94-4821-9F52-15D4F6B40A4A}.Release|Any CPU.ActiveCfg = Release|Any CPU
		{9F2AFE5C-7B94-4821-9F52-15D4F6B40A4A}.Release|Any CPU.Build.0 = Release|Any CPU
		{B1123A46-6005-434A-9458-B58E8D51EE34}.Debug|Any CPU.ActiveCfg = Debug|Any CPU
		{B1123A46-6005-434A-9458-B58E8D51EE34}.Debug|Any CPU.Build.0 = Debug|Any CPU
		{B1123A46-6005-434A-9458-B58E8D51EE34}.Release|Any CPU.ActiveCfg = Release|Any CPU
		{B1123A46-6005-434A-9458-B58E8D51EE34}.Release|Any CPU.Build.0 = Release|Any CPU
	EndGlobalSection
	GlobalSection(SolutionProperties) = preSolution
		HideSolutionNode = FALSE
	EndGlobalSection
	GlobalSection(ExtensibilityGlobals) = postSolution
		SolutionGuid = {C77D07FC-CF6D-4B2C-9E80-A414160589DE}
	EndGlobalSection
EndGlobal
