
Microsoft Visual Studio Solution File, Format Version 12.00
# Visual Studio Version 16
VisualStudioVersion = 16.0.32228.343
MinimumVisualStudioVersion = 10.0.40219.1
Project("{FAE04EC0-301F-11D3-BF4B-00C04F79EFBC}") = "HEFESTO.CONSULTA.TRACKID", "HEFESTO.CONSULTA.TRACKID.csproj", "{7EAA3266-F348-45C7-ADCB-B4B9EFA1E19E}"
EndProject
Global
	GlobalSection(SolutionConfigurationPlatforms) = preSolution
		Debug|x86 = Debug|x86
		Release|x86 = Release|x86
	EndGlobalSection
	GlobalSection(ProjectConfigurationPlatforms) = postSolution
		{7EAA3266-F348-45C7-ADCB-B4B9EFA1E19E}.Debug|x86.ActiveCfg = Debug|x86
		{7EAA3266-F348-45C7-ADCB-B4B9EFA1E19E}.Debug|x86.Build.0 = Debug|x86
		{7EAA3266-F348-45C7-ADCB-B4B9EFA1E19E}.Release|x86.ActiveCfg = Release|x86
		{7EAA3266-F348-45C7-ADCB-B4B9EFA1E19E}.Release|x86.Build.0 = Release|x86
	EndGlobalSection
	GlobalSection(SolutionProperties) = preSolution
		HideSolutionNode = FALSE
	EndGlobalSection
	GlobalSection(ExtensibilityGlobals) = postSolution
		SolutionGuid = {94053839-981A-4469-A2D3-FA03A5DEF63D}
	EndGlobalSection
EndGlobal
