
Microsoft Visual Studio Solution File, Format Version 12.00
# Visual Studio Version 17
VisualStudioVersion = 17.11.35327.3
MinimumVisualStudioVersion = 10.0.40219.1
Project("{F184B08F-C81C-45F6-A57F-5ABD9991F28F}") = "Sincroniza.MLibre.Bakapp", "Sincroniza.MLibre.Bakapp.vbproj", "{B5653435-91D3-43EA-9441-7B6CA9670545}"
EndProject
Project("{F184B08F-C81C-45F6-A57F-5ABD9991F28F}") = "BkSpecialPrograms", "..\Librerias\BkSpecialPrograms\BkSpecialPrograms.vbproj", "{B1123A46-6005-434A-9458-B58E8D51EE34}"
EndProject
Global
	GlobalSection(SolutionConfigurationPlatforms) = preSolution
		Debug|Any CPU = Debug|Any CPU
		Release|Any CPU = Release|Any CPU
	EndGlobalSection
	GlobalSection(ProjectConfigurationPlatforms) = postSolution
		{B5653435-91D3-43EA-9441-7B6CA9670545}.Debug|Any CPU.ActiveCfg = Debug|Any CPU
		{B5653435-91D3-43EA-9441-7B6CA9670545}.Debug|Any CPU.Build.0 = Debug|Any CPU
		{B5653435-91D3-43EA-9441-7B6CA9670545}.Release|Any CPU.ActiveCfg = Release|Any CPU
		{B5653435-91D3-43EA-9441-7B6CA9670545}.Release|Any CPU.Build.0 = Release|Any CPU
		{B1123A46-6005-434A-9458-B58E8D51EE34}.Debug|Any CPU.ActiveCfg = Debug|Any CPU
		{B1123A46-6005-434A-9458-B58E8D51EE34}.Debug|Any CPU.Build.0 = Debug|Any CPU
		{B1123A46-6005-434A-9458-B58E8D51EE34}.Release|Any CPU.ActiveCfg = Release|Any CPU
		{B1123A46-6005-434A-9458-B58E8D51EE34}.Release|Any CPU.Build.0 = Release|Any CPU
	EndGlobalSection
	GlobalSection(SolutionProperties) = preSolution
		HideSolutionNode = FALSE
	EndGlobalSection
	GlobalSection(ExtensibilityGlobals) = postSolution
		SolutionGuid = {778830E6-0D57-4451-A620-27CD09DAB5CC}
	EndGlobalSection
EndGlobal
