
Microsoft Visual Studio Solution File, Format Version 12.00
# Visual Studio Version 16
VisualStudioVersion = 16.0.28803.202
MinimumVisualStudioVersion = 10.0.40219.1
Project("{F184B08F-C81C-45F6-A57F-5ABD9991F28F}") = "BakApp_Demonio.Impresion", "AntBru\BakApp_Demonio.Impresion.vbproj", "{E6765375-303D-4802-9846-0471171555FB}"
EndProject
Project("{F184B08F-C81C-45F6-A57F-5ABD9991F28F}") = "BkSpecialPrograms", "..\..\Librerias\BkSpecialPrograms\BkSpecialPrograms.vbproj", "{B1123A46-6005-434A-9458-B58E8D51EE34}"
EndProject
Global
	GlobalSection(SolutionConfigurationPlatforms) = preSolution
		Debug|Any CPU = Debug|Any CPU
		Release|Any CPU = Release|Any CPU
	EndGlobalSection
	GlobalSection(ProjectConfigurationPlatforms) = postSolution
		{E6765375-303D-4802-9846-0471171555FB}.Debug|Any CPU.ActiveCfg = Debug|Any CPU
		{E6765375-303D-4802-9846-0471171555FB}.Debug|Any CPU.Build.0 = Debug|Any CPU
		{E6765375-303D-4802-9846-0471171555FB}.Release|Any CPU.ActiveCfg = Release|Any CPU
		{E6765375-303D-4802-9846-0471171555FB}.Release|Any CPU.Build.0 = Release|Any CPU
		{B1123A46-6005-434A-9458-B58E8D51EE34}.Debug|Any CPU.ActiveCfg = Debug|Any CPU
		{B1123A46-6005-434A-9458-B58E8D51EE34}.Debug|Any CPU.Build.0 = Debug|Any CPU
		{B1123A46-6005-434A-9458-B58E8D51EE34}.Release|Any CPU.ActiveCfg = Release|Any CPU
		{B1123A46-6005-434A-9458-B58E8D51EE34}.Release|Any CPU.Build.0 = Release|Any CPU
	EndGlobalSection
	GlobalSection(SolutionProperties) = preSolution
		HideSolutionNode = FALSE
	EndGlobalSection
	GlobalSection(ExtensibilityGlobals) = postSolution
		SolutionGuid = {1E2C2CF5-2E2C-415A-B883-BDC1BC9CA526}
	EndGlobalSection
EndGlobal
